{
  "originHash" : "e8b542f42696af3896ded85d367aac827829e82c78474b1663baaf6acc7ad1e6",
  "pins" : [
    {
      "identity" : "capacitor-swift-pm",
      "kind" : "remoteSourceControl",
      "location" : "https://github.com/ionic-team/capacitor-swift-pm.git",
      "state" : {
        "revision" : "992959f0467c781eb6a1637e69d87481238c3672",
        "version" : "8.3.4"
      }
    },
    {
      "identity" : "osbarcodelib-ios",
      "kind" : "remoteSourceControl",
      "location" : "https://github.com/OutSystems/OSBarcodeLib-iOS.git",
      "state" : {
        "revision" : "1ae7a716331be720f9f1075ef033276014c341ec",
        "version" : "2.1.1"
      }
    }
  ],
  "version" : 3
}
